
Microsoft Visual Studio Solution File, Format Version 12.00
# Visual Studio Version 17
VisualStudioVersion = 17.14.37328.6 d17.14
MinimumVisualStudioVersion = 10.0.40219.1
Project("{FAE04EC0-301F-11D3-BF4B-00C04F79EFBC}") = "World Cup 2026 Simulator", "World Cup 2026 Simulator\World Cup 2026 Simulator.csproj", "{A9DAADDD-0823-41C6-AA5A-1F8F38A4F672}"
EndProject
Global
	GlobalSection(SolutionConfigurationPlatforms) = preSolution
		Debug|Any CPU = Debug|Any CPU
		Release|Any CPU = Release|Any CPU
	EndGlobalSection
	GlobalSection(ProjectConfigurationPlatforms) = postSolution
		{A9DAADDD-0823-41C6-AA5A-1F8F38A4F672}.Debug|Any CPU.ActiveCfg = Debug|Any CPU
		{A9DAADDD-0823-41C6-AA5A-1F8F38A4F672}.Debug|Any CPU.Build.0 = Debug|Any CPU
		{A9DAADDD-0823-41C6-AA5A-1F8F38A4F672}.Release|Any CPU.ActiveCfg = Release|Any CPU
		{A9DAADDD-0823-41C6-AA5A-1F8F38A4F672}.Release|Any CPU.Build.0 = Release|Any CPU
	EndGlobalSection
	GlobalSection(SolutionProperties) = preSolution
		HideSolutionNode = FALSE
	EndGlobalSection
	GlobalSection(ExtensibilityGlobals) = postSolution
		SolutionGuid = {32E08B11-40F2-4793-A3D8-CB8818B82438}
	EndGlobalSection
EndGlobal
